{
  "version": 4,
  "terraform_version": "0.12.24",
  "serial": 23,
  "lineage": "b5739811-f2b0-97fe-a4ae-e6131e616b85",
  "outputs": {},
  "resources": [
    {
      "mode": "data",
      "type": "aws_availability_zones",
      "name": "available",
      "provider": "provider.aws",
      "instances": [
        {
          "schema_version": 0,
          "attributes": {
            "all_availability_zones": null,
            "blacklisted_names": null,
            "blacklisted_zone_ids": null,
            "filter": null,
            "group_names": [
              "us-west-2"
            ],
            "id": "2020-05-05 20:58:51.383384722 +0000 UTC",
            "names": [
              "us-west-2a",
              "us-west-2b",
              "us-west-2c",
              "us-west-2d"
            ],
            "state": null,
            "zone_ids": [
              "usw2-az1",
              "usw2-az2",
              "usw2-az3",
              "usw2-az4"
            ]
          }
        }
      ]
    },
    {
      "mode": "managed",
      "type": "aws_internet_gateway",
      "name": "wp_internet_gateway",
      "provider": "provider.aws",
      "instances": [
        {
          "schema_version": 0,
          "attributes": {
            "id": "igw-03b12599c90af12bb",
            "owner_id": "645918614350",
            "tags": {
              "Name": "dbp_IGW"
            },
            "vpc_id": "vpc-03545fb4fab1c962f"
          },
          "private": "bnVsbA==",
          "dependencies": [
            "aws_vpc.wp_vpc"
          ]
        }
      ]
    },
    {
      "mode": "managed",
      "type": "aws_vpc",
      "name": "wp_vpc",
      "provider": "provider.aws",
      "instances": [
        {
          "schema_version": 1,
          "attributes": {
            "arn": "arn:aws:ec2:us-west-2:645918614350:vpc/vpc-03545fb4fab1c962f",
            "assign_generated_ipv6_cidr_block": false,
            "cidr_block": "10.0.0.0/16",
            "default_network_acl_id": "acl-009cf6b59ea471cc4",
            "default_route_table_id": "rtb-01b84d69703155818",
            "default_security_group_id": "sg-00c694f47f474a035",
            "dhcp_options_id": "dopt-4e2f4a36",
            "enable_classiclink": false,
            "enable_classiclink_dns_support": false,
            "enable_dns_hostnames": true,
            "enable_dns_support": true,
            "id": "vpc-03545fb4fab1c962f",
            "instance_tenancy": "default",
            "ipv6_association_id": "",
            "ipv6_cidr_block": "",
            "main_route_table_id": "rtb-01b84d69703155818",
            "owner_id": "645918614350",
            "tags": {
              "Name": "dbp_VPC"
            }
          },
          "private": "eyJzY2hlbWFfdmVyc2lvbiI6IjEifQ=="
        }
      ]
    }
  ]
}
